
Microsoft Visual Studio Solution File, Format Version 12.00
# Visual Studio 15
VisualStudioVersion = 15.0.28307.136
MinimumVisualStudioVersion = 10.0.40219.1
Project("{FAE04EC0-301F-11D3-BF4B-00C04F79EFBC}") = "RestaurantWebApi", "RestaurantWebApi\RestaurantWebApi.csproj", "{66FD1F90-0F9A-4A42-B867-61E38489EE0F}"
EndProject
Global
	GlobalSection(SolutionConfigurationPlatforms) = preSolution
		Debug|Any CPU = Debug|Any CPU
		Release|Any CPU = Release|Any CPU
	EndGlobalSection
	GlobalSection(ProjectConfigurationPlatforms) = postSolution
		{66FD1F90-0F9A-4A42-B867-61E38489EE0F}.Debug|Any CPU.ActiveCfg = Debug|Any CPU
		{66FD1F90-0F9A-4A42-B867-61E38489EE0F}.Debug|Any CPU.Build.0 = Debug|Any CPU
		{66FD1F90-0F9A-4A42-B867-61E38489EE0F}.Release|Any CPU.ActiveCfg = Release|Any CPU
		{66FD1F90-0F9A-4A42-B867-61E38489EE0F}.Release|Any CPU.Build.0 = Release|Any CPU
	EndGlobalSection
	GlobalSection(SolutionProperties) = preSolution
		HideSolutionNode = FALSE
	EndGlobalSection
	GlobalSection(ExtensibilityGlobals) = postSolution
		SolutionGuid = {12E073E6-F98A-447B-823C-A85D2B1C4DB2}
	EndGlobalSection
EndGlobal
